
Microsoft Visual Studio Solution File, Format Version 12.00
# Visual Studio 15
VisualStudioVersion = 15.0.28307.852
MinimumVisualStudioVersion = 10.0.40219.1
Project("{FAE04EC0-301F-11D3-BF4B-00C04F79EFBC}") = "LearnWords", "LearnWords\LearnWords.csproj", "{7F25D59B-AD55-47B7-AA07-4094E5E55AEF}"
EndProject
Global
	GlobalSection(SolutionConfigurationPlatforms) = preSolution
		Debug|Any CPU = Debug|Any CPU
		Release|Any CPU = Release|Any CPU
	EndGlobalSection
	GlobalSection(ProjectConfigurationPlatforms) = postSolution
		{7F25D59B-AD55-47B7-AA07-4094E5E55AEF}.Debug|Any CPU.ActiveCfg = Debug|Any CPU
		{7F25D59B-AD55-47B7-AA07-4094E5E55AEF}.Debug|Any CPU.Build.0 = Debug|Any CPU
		{7F25D59B-AD55-47B7-AA07-4094E5E55AEF}.Release|Any CPU.ActiveCfg = Release|Any CPU
		{7F25D59B-AD55-47B7-AA07-4094E5E55AEF}.Release|Any CPU.Build.0 = Release|Any CPU
	EndGlobalSection
	GlobalSection(SolutionProperties) = preSolution
		HideSolutionNode = FALSE
	EndGlobalSection
	GlobalSection(ExtensibilityGlobals) = postSolution
		SolutionGuid = {CC2250D0-C09C-49E5-8AF5-8B200BA862A9}
	EndGlobalSection
EndGlobal
